<?xml version="1.0" encoding="utf-8"?>
<Project ToolsVersion="4.0" xmlns="http://schemas.microsoft.com/developer/msbuild/2003">
  <ItemGroup>
    <Filter Include="Source Files">
      <UniqueIdentifier>{4FC737F1-C7A5-4376-A066-2A32D752A2FF}</UniqueIdentifier>
      <Extensions>cpp;c;cc;cxx;def;odl;idl;hpj;bat;asm;asmx</Extensions>
    </Filter>
    <Filter Include="Header Files">
      <UniqueIdentifier>{93995380-89BD-4b04-88EB-625FBE52EBFB}</UniqueIdentifier>
      <Extensions>h;hh;hpp;hxx;hm;inl;inc;xsd</Extensions>
    </Filter>
    <Filter Include="Frameworks">
      <UniqueIdentifier>{2655cd7b-2663-48e4-b89e-e7c5aaeee926}</UniqueIdentifier>
    </Filter>
    <Filter Include="Scence">
      <UniqueIdentifier>{3adc41f9-9493-412a-acf8-f4c0c599b693}</UniqueIdentifier>
    </Filter>
    <Filter Include="Weapons">
      <UniqueIdentifier>{9f360d39-b0ad-4e54-8fdc-74ed9985bfed}</UniqueIdentifier>
    </Filter>
    <Filter Include="Player">
      <UniqueIdentifier>{6e83ec7f-77eb-44fc-bada-bc61bbe9ba57}</UniqueIdentifier>
    </Filter>
  </ItemGroup>
  <ItemGroup>
    <ClCompile Include="Brick.cpp">
      <Filter>Source Files</Filter>
    </ClCompile>
    <ClCompile Include="Goomba.cpp">
      <Filter>Source Files</Filter>
    </ClCompile>
    <ClCompile Include="Koopas.cpp">
      <Filter>Source Files</Filter>
    </ClCompile>
    <ClCompile Include="Portal.cpp">
      <Filter>Source Files</Filter>
    </ClCompile>
    <ClCompile Include="Animations.cpp">
      <Filter>Frameworks</Filter>
    </ClCompile>
    <ClCompile Include="Game.cpp">
      <Filter>Frameworks</Filter>
    </ClCompile>
    <ClCompile Include="GameObject.cpp">
      <Filter>Frameworks</Filter>
    </ClCompile>
    <ClCompile Include="Textures.cpp">
      <Filter>Frameworks</Filter>
    </ClCompile>
    <ClCompile Include="Sprites.cpp">
      <Filter>Frameworks</Filter>
    </ClCompile>
    <ClCompile Include="Utils.cpp">
      <Filter>Frameworks</Filter>
    </ClCompile>
    <ClCompile Include="Scence.cpp">
      <Filter>Scence</Filter>
    </ClCompile>
    <ClCompile Include="PlayScence.cpp">
      <Filter>Scence</Filter>
    </ClCompile>
    <ClCompile Include="Simon.cpp">
      <Filter>Player</Filter>
    </ClCompile>
    <ClCompile Include="Whip.cpp">
      <Filter>Weapons</Filter>
    </ClCompile>
    <ClCompile Include="main.cpp" />
  </ItemGroup>
  <ItemGroup>
    <ClInclude Include="Brick.h">
      <Filter>Header Files</Filter>
    </ClInclude>
    <ClInclude Include="Goomba.h">
      <Filter>Header Files</Filter>
    </ClInclude>
    <ClInclude Include="Koopas.h">
      <Filter>Header Files</Filter>
    </ClInclude>
    <ClInclude Include="Portal.h">
      <Filter>Header Files</Filter>
    </ClInclude>
    <ClInclude Include="Animations.h">
      <Filter>Frameworks</Filter>
    </ClInclude>
    <ClInclude Include="KeyEventHandler.h">
      <Filter>Frameworks</Filter>
    </ClInclude>
    <ClInclude Include="GameObject.h">
      <Filter>Frameworks</Filter>
    </ClInclude>
    <ClInclude Include="Textures.h">
      <Filter>Frameworks</Filter>
    </ClInclude>
    <ClInclude Include="Utils.h">
      <Filter>Frameworks</Filter>
    </ClInclude>
    <ClInclude Include="Sprites.h">
      <Filter>Frameworks</Filter>
    </ClInclude>
    <ClInclude Include="Game.h">
      <Filter>Frameworks</Filter>
    </ClInclude>
    <ClInclude Include="PlayScence.h">
      <Filter>Scence</Filter>
    </ClInclude>
    <ClInclude Include="Scence.h">
      <Filter>Scence</Filter>
    </ClInclude>
    <ClInclude Include="Simon.h">
      <Filter>Player</Filter>
    </ClInclude>
    <ClInclude Include="Whip.h">
      <Filter>Weapons</Filter>
    </ClInclude>
  </ItemGroup>
</Project>