<?xml version="1.0" encoding="utf-8"?>
<Project ToolsVersion="4.0" xmlns="http://schemas.microsoft.com/developer/msbuild/2003">
  <ItemGroup>
    <Filter Include="Frameworks">
      <UniqueIdentifier>{2655cd7b-2663-48e4-b89e-e7c5aaeee926}</UniqueIdentifier>
    </Filter>
    <Filter Include="Scence">
      <UniqueIdentifier>{3adc41f9-9493-412a-acf8-f4c0c599b693}</UniqueIdentifier>
    </Filter>
    <Filter Include="Weapons">
      <UniqueIdentifier>{9f360d39-b0ad-4e54-8fdc-74ed9985bfed}</UniqueIdentifier>
    </Filter>
    <Filter Include="Player">
      <UniqueIdentifier>{6e83ec7f-77eb-44fc-bada-bc61bbe9ba57}</UniqueIdentifier>
    </Filter>
    <Filter Include="Map">
      <UniqueIdentifier>{1e473a9f-b2d4-47e3-bbf1-b3d59d04087e}</UniqueIdentifier>
    </Filter>
    <Filter Include="ObjectStatic">
      <UniqueIdentifier>{d3466855-b9c2-4ce1-b096-226278b1c6e2}</UniqueIdentifier>
    </Filter>
    <Filter Include="Items">
      <UniqueIdentifier>{da82ad8b-23c5-4b76-9a27-b9f884e46a1d}</UniqueIdentifier>
    </Filter>
    <Filter Include="Items\Item">
      <UniqueIdentifier>{c1da2425-0869-4236-9ebd-c808041b4cc2}</UniqueIdentifier>
    </Filter>
    <Filter Include="Enemies">
      <UniqueIdentifier>{a3beef93-d898-4786-868f-d388b081969e}</UniqueIdentifier>
    </Filter>
    <Filter Include="ObjectCheck">
      <UniqueIdentifier>{8afea247-87e0-42c5-93d4-c5edc26d2b9c}</UniqueIdentifier>
    </Filter>
    <Filter Include="Effect">
      <UniqueIdentifier>{a4eca972-c9f7-4500-9af2-509577076ae9}</UniqueIdentifier>
    </Filter>
  </ItemGroup>
  <ItemGroup>
    <ClCompile Include="Animations.cpp">
      <Filter>Frameworks</Filter>
    </ClCompile>
    <ClCompile Include="Game.cpp">
      <Filter>Frameworks</Filter>
    </ClCompile>
    <ClCompile Include="GameObject.cpp">
      <Filter>Frameworks</Filter>
    </ClCompile>
    <ClCompile Include="Textures.cpp">
      <Filter>Frameworks</Filter>
    </ClCompile>
    <ClCompile Include="Sprites.cpp">
      <Filter>Frameworks</Filter>
    </ClCompile>
    <ClCompile Include="Utils.cpp">
      <Filter>Frameworks</Filter>
    </ClCompile>
    <ClCompile Include="Scence.cpp">
      <Filter>Scence</Filter>
    </ClCompile>
    <ClCompile Include="PlayScence.cpp">
      <Filter>Scence</Filter>
    </ClCompile>
    <ClCompile Include="Simon.cpp">
      <Filter>Player</Filter>
    </ClCompile>
    <ClCompile Include="Whip.cpp">
      <Filter>Weapons</Filter>
    </ClCompile>
    <ClCompile Include="main.cpp" />
    <ClCompile Include="Map.cpp">
      <Filter>Map</Filter>
    </ClCompile>
    <ClCompile Include="Torch.cpp">
      <Filter>ObjectStatic</Filter>
    </ClCompile>
    <ClCompile Include="Brick.cpp">
      <Filter>ObjectStatic</Filter>
    </ClCompile>
    <ClCompile Include="ItemBigHeart.cpp">
      <Filter>Items\Item</Filter>
    </ClCompile>
    <ClCompile Include="ItemChain.cpp">
      <Filter>Items\Item</Filter>
    </ClCompile>
    <ClCompile Include="ItemDagger.cpp">
      <Filter>Items\Item</Filter>
    </ClCompile>
    <ClCompile Include="ItemSmallHeart.cpp">
      <Filter>Items\Item</Filter>
    </ClCompile>
    <ClCompile Include="Portal.cpp">
      <Filter>ObjectStatic</Filter>
    </ClCompile>
    <ClCompile Include="Dagger.cpp">
      <Filter>Weapons</Filter>
    </ClCompile>
    <ClCompile Include="SubWeapons.cpp">
      <Filter>Weapons</Filter>
    </ClCompile>
    <ClCompile Include="Candle.cpp">
      <Filter>ObjectStatic</Filter>
    </ClCompile>
    <ClCompile Include="Leopard.cpp">
      <Filter>Enemies</Filter>
    </ClCompile>
    <ClCompile Include="Brick4Leopard.cpp">
      <Filter>ObjectCheck</Filter>
    </ClCompile>
    <ClCompile Include="StairBottom.cpp">
      <Filter>ObjectCheck</Filter>
    </ClCompile>
    <ClCompile Include="StairTop.cpp">
      <Filter>ObjectCheck</Filter>
    </ClCompile>
    <ClCompile Include="ItemMoneyBagPurple.cpp">
      <Filter>Items\Item</Filter>
    </ClCompile>
    <ClCompile Include="ItemMoneyBagRed.cpp">
      <Filter>Items\Item</Filter>
    </ClCompile>
    <ClCompile Include="ItemMoneyBagYellow.cpp">
      <Filter>Items\Item</Filter>
    </ClCompile>
    <ClCompile Include="Brick4MoneyRed.cpp">
      <Filter>ObjectCheck</Filter>
    </ClCompile>
    <ClCompile Include="BrickHide.cpp">
      <Filter>ObjectStatic</Filter>
    </ClCompile>
    <ClCompile Include="PointEffect.cpp">
      <Filter>Effect</Filter>
    </ClCompile>
    <ClCompile Include="HolyWater.cpp">
      <Filter>Weapons</Filter>
    </ClCompile>
    <ClCompile Include="Axe.cpp">
      <Filter>Weapons</Filter>
    </ClCompile>
    <ClCompile Include="WallPieces.cpp">
      <Filter>Effect</Filter>
    </ClCompile>
    <ClCompile Include="ItemAxe.cpp">
      <Filter>Items\Item</Filter>
    </ClCompile>
    <ClCompile Include="ItemHolyWater.cpp">
      <Filter>Items\Item</Filter>
    </ClCompile>
    <ClCompile Include="Items.cpp">
      <Filter>Items</Filter>
    </ClCompile>
    <ClCompile Include="ItemCross.cpp">
      <Filter>Items\Item</Filter>
    </ClCompile>
    <ClCompile Include="BrickOpenDoor.cpp">
      <Filter>ObjectCheck</Filter>
    </ClCompile>
    <ClCompile Include="Door.cpp">
      <Filter>ObjectStatic</Filter>
    </ClCompile>
  </ItemGroup>
  <ItemGroup>
    <ClInclude Include="Animations.h">
      <Filter>Frameworks</Filter>
    </ClInclude>
    <ClInclude Include="KeyEventHandler.h">
      <Filter>Frameworks</Filter>
    </ClInclude>
    <ClInclude Include="GameObject.h">
      <Filter>Frameworks</Filter>
    </ClInclude>
    <ClInclude Include="Textures.h">
      <Filter>Frameworks</Filter>
    </ClInclude>
    <ClInclude Include="Utils.h">
      <Filter>Frameworks</Filter>
    </ClInclude>
    <ClInclude Include="Sprites.h">
      <Filter>Frameworks</Filter>
    </ClInclude>
    <ClInclude Include="Game.h">
      <Filter>Frameworks</Filter>
    </ClInclude>
    <ClInclude Include="PlayScence.h">
      <Filter>Scence</Filter>
    </ClInclude>
    <ClInclude Include="Scence.h">
      <Filter>Scence</Filter>
    </ClInclude>
    <ClInclude Include="Simon.h">
      <Filter>Player</Filter>
    </ClInclude>
    <ClInclude Include="Whip.h">
      <Filter>Weapons</Filter>
    </ClInclude>
    <ClInclude Include="Map.h">
      <Filter>Map</Filter>
    </ClInclude>
    <ClInclude Include="Torch.h">
      <Filter>ObjectStatic</Filter>
    </ClInclude>
    <ClInclude Include="Brick.h">
      <Filter>ObjectStatic</Filter>
    </ClInclude>
    <ClInclude Include="Items.h">
      <Filter>Items</Filter>
    </ClInclude>
    <ClInclude Include="ItemBigHeart.h">
      <Filter>Items\Item</Filter>
    </ClInclude>
    <ClInclude Include="ItemChain.h">
      <Filter>Items\Item</Filter>
    </ClInclude>
    <ClInclude Include="ItemDagger.h">
      <Filter>Items\Item</Filter>
    </ClInclude>
    <ClInclude Include="ItemSmallHeart.h">
      <Filter>Items\Item</Filter>
    </ClInclude>
    <ClInclude Include="Portal.h">
      <Filter>ObjectStatic</Filter>
    </ClInclude>
    <ClInclude Include="Dagger.h">
      <Filter>Weapons</Filter>
    </ClInclude>
    <ClInclude Include="SubWeapons.h">
      <Filter>Weapons</Filter>
    </ClInclude>
    <ClInclude Include="Candle.h">
      <Filter>ObjectStatic</Filter>
    </ClInclude>
    <ClInclude Include="Leopard.h">
      <Filter>Enemies</Filter>
    </ClInclude>
    <ClInclude Include="Brick4Leopard.h">
      <Filter>ObjectCheck</Filter>
    </ClInclude>
    <ClInclude Include="StairBottom.h">
      <Filter>ObjectCheck</Filter>
    </ClInclude>
    <ClInclude Include="StairTop.h">
      <Filter>ObjectCheck</Filter>
    </ClInclude>
    <ClInclude Include="ItemMoneyBagPurple.h">
      <Filter>Items\Item</Filter>
    </ClInclude>
    <ClInclude Include="ItemMoneyBagRed.h">
      <Filter>Items\Item</Filter>
    </ClInclude>
    <ClInclude Include="ItemMoneyBagYellow.h">
      <Filter>Items\Item</Filter>
    </ClInclude>
    <ClInclude Include="Brick4MoneyRed.h">
      <Filter>ObjectCheck</Filter>
    </ClInclude>
    <ClInclude Include="BrickHide.h">
      <Filter>ObjectStatic</Filter>
    </ClInclude>
    <ClInclude Include="PointEffect.h">
      <Filter>Effect</Filter>
    </ClInclude>
    <ClInclude Include="HolyWater.h">
      <Filter>Weapons</Filter>
    </ClInclude>
    <ClInclude Include="Axe.h">
      <Filter>Weapons</Filter>
    </ClInclude>
    <ClInclude Include="WallPieces.h">
      <Filter>Effect</Filter>
    </ClInclude>
    <ClInclude Include="ItemAxe.h">
      <Filter>Items\Item</Filter>
    </ClInclude>
    <ClInclude Include="ItemHolyWater.h">
      <Filter>Items\Item</Filter>
    </ClInclude>
    <ClInclude Include="ItemCross.h">
      <Filter>Items\Item</Filter>
    </ClInclude>
    <ClInclude Include="BrickOpenDoor.h">
      <Filter>ObjectCheck</Filter>
    </ClInclude>
    <ClInclude Include="Door.h">
      <Filter>ObjectStatic</Filter>
    </ClInclude>
  </ItemGroup>
</Project>